// !$*UTF8*$!
{
	archiveVersion = 1;
	classes = {
	};
	objectVersion = 56;
	objects = {

/* Begin PBXBuildFile section */
		26F18B942AA1EDD300A351CC /* AppDelegate.swift in Sources */ = {isa = PBXBuildFile; fileRef = 26F18B932AA1EDD300A351CC /* AppDelegate.swift */; };
		26F18B962AA1EDD300A351CC /* SceneDelegate.swift in Sources */ = {isa = PBXBuildFile; fileRef = 26F18B952AA1EDD300A351CC /* SceneDelegate.swift */; };
		26F18B982AA1EDD300A351CC /* ViewController.swift in Sources */ = {isa = PBXBuildFile; fileRef = 26F18B972AA1EDD300A351CC /* ViewController.swift */; };
		26F18B9D2AA1EDD500A351CC /* Assets.xcassets in Resources */ = {isa = PBXBuildFile; fileRef = 26F18B9C2AA1EDD500A351CC /* Assets.xcassets */; };
		26F18BA02AA1EDD500A351CC /* LaunchScreen.storyboard in Resources */ = {isa = PBXBuildFile; fileRef = 26F18B9E2AA1EDD500A351CC /* LaunchScreen.storyboard */; };
		26F18BA92AA1F15800A351CC /* TMDBMedia.swift in Sources */ = {isa = PBXBuildFile; fileRef = 26F18BA82AA1F15800A351CC /* TMDBMedia.swift */; };
		26F18BAC2AA1F30400A351CC /* NetworkManager.swift in Sources */ = {isa = PBXBuildFile; fileRef = 26F18BAB2AA1F30400A351CC /* NetworkManager.swift */; };
		26F18BB32AA2000300A351CC /* DataManager.swift in Sources */ = {isa = PBXBuildFile; fileRef = 26F18BB22AA2000300A351CC /* DataManager.swift */; };
		26F18BB52AA2030A00A351CC /* CustomView.swift in Sources */ = {isa = PBXBuildFile; fileRef = 26F18BB42AA2030A00A351CC /* CustomView.swift */; };
		26F18BB82AA2035100A351CC /* SnapKit in Frameworks */ = {isa = PBXBuildFile; productRef = 26F18BB72AA2035100A351CC /* SnapKit */; };
		26F18BBA2AA2035E00A351CC /* MovieTableViewCell.swift in Sources */ = {isa = PBXBuildFile; fileRef = 26F18BB92AA2035E00A351CC /* MovieTableViewCell.swift */; };
		26F18BBC2AA24B4800A351CC /* TVTableViewCell.swift in Sources */ = {isa = PBXBuildFile; fileRef = 26F18BBB2AA24B4800A351CC /* TVTableViewCell.swift */; };
		26F18BBF2AA24C8700A351CC /* Kingfisher in Frameworks */ = {isa = PBXBuildFile; productRef = 26F18BBE2AA24C8700A351CC /* Kingfisher */; };
/* End PBXBuildFile section */

/* Begin PBXFileReference section */
		26F18B902AA1EDD300A351CC /* TableViewSeparatedByCategory.app */ = {isa = PBXFileReference; explicitFileType = wrapper.application; includeInIndex = 0; path = TableViewSeparatedByCategory.app; sourceTree = BUILT_PRODUCTS_DIR; };
		26F18B932AA1EDD300A351CC /* AppDelegate.swift */ = {isa = PBXFileReference; lastKnownFileType = sourcecode.swift; path = AppDelegate.swift; sourceTree = "<group>"; };
		26F18B952AA1EDD300A351CC /* SceneDelegate.swift */ = {isa = PBXFileReference; lastKnownFileType = sourcecode.swift; path = SceneDelegate.swift; sourceTree = "<group>"; };
		26F18B972AA1EDD300A351CC /* ViewController.swift */ = {isa = PBXFileReference; lastKnownFileType = sourcecode.swift; path = ViewController.swift; sourceTree = "<group>"; };
		26F18B9C2AA1EDD500A351CC /* Assets.xcassets */ = {isa = PBXFileReference; lastKnownFileType = folder.assetcatalog; path = Assets.xcassets; sourceTree = "<group>"; };
		26F18B9F2AA1EDD500A351CC /* Base */ = {isa = PBXFileReference; lastKnownFileType = file.storyboard; name = Base; path = Base.lproj/LaunchScreen.storyboard; sourceTree = "<group>"; };
		26F18BA12AA1EDD500A351CC /* Info.plist */ = {isa = PBXFileReference; lastKnownFileType = text.plist.xml; path = Info.plist; sourceTree = "<group>"; };
		26F18BA82AA1F15800A351CC /* TMDBMedia.swift */ = {isa = PBXFileReference; lastKnownFileType = sourcecode.swift; path = TMDBMedia.swift; sourceTree = "<group>"; };
		26F18BAB2AA1F30400A351CC /* NetworkManager.swift */ = {isa = PBXFileReference; lastKnownFileType = sourcecode.swift; path = NetworkManager.swift; sourceTree = "<group>"; };
		26F18BB22AA2000300A351CC /* DataManager.swift */ = {isa = PBXFileReference; lastKnownFileType = sourcecode.swift; path = DataManager.swift; sourceTree = "<group>"; };
		26F18BB42AA2030A00A351CC /* CustomView.swift */ = {isa = PBXFileReference; lastKnownFileType = sourcecode.swift; path = CustomView.swift; sourceTree = "<group>"; };
		26F18BB92AA2035E00A351CC /* MovieTableViewCell.swift */ = {isa = PBXFileReference; lastKnownFileType = sourcecode.swift; path = MovieTableViewCell.swift; sourceTree = "<group>"; };
		26F18BBB2AA24B4800A351CC /* TVTableViewCell.swift */ = {isa = PBXFileReference; lastKnownFileType = sourcecode.swift; path = TVTableViewCell.swift; sourceTree = "<group>"; };
/* End PBXFileReference section */

/* Begin PBXFrameworksBuildPhase section */
		26F18B8D2AA1EDD300A351CC /* Frameworks */ = {
			isa = PBXFrameworksBuildPhase;
			buildActionMask = 2147483647;
			files = (
				26F18BBF2AA24C8700A351CC /* Kingfisher in Frameworks */,
				26F18BB82AA2035100A351CC /* SnapKit in Frameworks */,
			);
			runOnlyForDeploymentPostprocessing = 0;
		};
/* End PBXFrameworksBuildPhase section */

/* Begin PBXGroup section */
		26F18B872AA1EDD300A351CC = {
			isa = PBXGroup;
			children = (
				26F18B922AA1EDD300A351CC /* TableViewSeparatedByCategory */,
				26F18B912AA1EDD300A351CC /* Products */,
			);
			sourceTree = "<group>";
		};
		26F18B912AA1EDD300A351CC /* Products */ = {
			isa = PBXGroup;
			children = (
				26F18B902AA1EDD300A351CC /* TableViewSeparatedByCategory.app */,
			);
			name = Products;
			sourceTree = "<group>";
		};
		26F18B922AA1EDD300A351CC /* TableViewSeparatedByCategory */ = {
			isa = PBXGroup;
			children = (
				26F18BAA2AA1F2F500A351CC /* Network */,
				26F18BA72AA1F15000A351CC /* Model */,
				26F18B932AA1EDD300A351CC /* AppDelegate.swift */,
				26F18B952AA1EDD300A351CC /* SceneDelegate.swift */,
				26F18B972AA1EDD300A351CC /* ViewController.swift */,
				26F18BB42AA2030A00A351CC /* CustomView.swift */,
				26F18BB92AA2035E00A351CC /* MovieTableViewCell.swift */,
				26F18BBB2AA24B4800A351CC /* TVTableViewCell.swift */,
				26F18B9C2AA1EDD500A351CC /* Assets.xcassets */,
				26F18B9E2AA1EDD500A351CC /* LaunchScreen.storyboard */,
				26F18BA12AA1EDD500A351CC /* Info.plist */,
			);
			path = TableViewSeparatedByCategory;
			sourceTree = "<group>";
		};
		26F18BA72AA1F15000A351CC /* Model */ = {
			isa = PBXGroup;
			children = (
				26F18BA82AA1F15800A351CC /* TMDBMedia.swift */,
			);
			path = Model;
			sourceTree = "<group>";
		};
		26F18BAA2AA1F2F500A351CC /* Network */ = {
			isa = PBXGroup;
			children = (
				26F18BAB2AA1F30400A351CC /* NetworkManager.swift */,
				26F18BB22AA2000300A351CC /* DataManager.swift */,
			);
			path = Network;
			sourceTree = "<group>";
		};
/* End PBXGroup section */

/* Begin PBXNativeTarget section */
		26F18B8F2AA1EDD300A351CC /* TableViewSeparatedByCategory */ = {
			isa = PBXNativeTarget;
			buildConfigurationList = 26F18BA42AA1EDD500A351CC /* Build configuration list for PBXNativeTarget "TableViewSeparatedByCategory" */;
			buildPhases = (
				26F18B8C2AA1EDD300A351CC /* Sources */,
				26F18B8D2AA1EDD300A351CC /* Frameworks */,
				26F18B8E2AA1EDD300A351CC /* Resources */,
			);
			buildRules = (
			);
			dependencies = (
			);
			name = TableViewSeparatedByCategory;
			packageProductDependencies = (
				26F18BB72AA2035100A351CC /* SnapKit */,
				26F18BBE2AA24C8700A351CC /* Kingfisher */,
			);
			productName = TableViewSeparatedByCategory;
			productReference = 26F18B902AA1EDD300A351CC /* TableViewSeparatedByCategory.app */;
			productType = "com.apple.product-type.application";
		};
/* End PBXNativeTarget section */

/* Begin PBXProject section */
		26F18B882AA1EDD300A351CC /* Project object */ = {
			isa = PBXProject;
			attributes = {
				BuildIndependentTargetsInParallel = 1;
				LastSwiftUpdateCheck = 1430;
				LastUpgradeCheck = 1430;
				TargetAttributes = {
					26F18B8F2AA1EDD300A351CC = {
						CreatedOnToolsVersion = 14.3.1;
					};
				};
			};
			buildConfigurationList = 26F18B8B2AA1EDD300A351CC /* Build configuration list for PBXProject "TableViewSeparatedByCategory" */;
			compatibilityVersion = "Xcode 14.0";
			developmentRegion = en;
			hasScannedForEncodings = 0;
			knownRegions = (
				en,
				Base,
			);
			mainGroup = 26F18B872AA1EDD300A351CC;
			packageReferences = (
				26F18BB62AA2035100A351CC /* XCRemoteSwiftPackageReference "SnapKit" */,
				26F18BBD2AA24C8700A351CC /* XCRemoteSwiftPackageReference "Kingfisher" */,
			);
			productRefGroup = 26F18B912AA1EDD300A351CC /* Products */;
			projectDirPath = "";
			projectRoot = "";
			targets = (
				26F18B8F2AA1EDD300A351CC /* TableViewSeparatedByCategory */,
			);
		};
/* End PBXProject section */

/* Begin PBXResourcesBuildPhase section */
		26F18B8E2AA1EDD300A351CC /* Resources */ = {
			isa = PBXResourcesBuildPhase;
			buildActionMask = 2147483647;
			files = (
				26F18BA02AA1EDD500A351CC /* LaunchScreen.storyboard in Resources */,
				26F18B9D2AA1EDD500A351CC /* Assets.xcassets in Resources */,
			);
			runOnlyForDeploymentPostprocessing = 0;
		};
/* End PBXResourcesBuildPhase section */

/* Begin PBXSourcesBuildPhase section */
		26F18B8C2AA1EDD300A351CC /* Sources */ = {
			isa = PBXSourcesBuildPhase;
			buildActionMask = 2147483647;
			files = (
				26F18B982AA1EDD300A351CC /* ViewController.swift in Sources */,
				26F18BBA2AA2035E00A351CC /* MovieTableViewCell.swift in Sources */,
				26F18BBC2AA24B4800A351CC /* TVTableViewCell.swift in Sources */,
				26F18BB32AA2000300A351CC /* DataManager.swift in Sources */,
				26F18BA92AA1F15800A351CC /* TMDBMedia.swift in Sources */,
				26F18BB52AA2030A00A351CC /* CustomView.swift in Sources */,
				26F18BAC2AA1F30400A351CC /* NetworkManager.swift in Sources */,
				26F18B942AA1EDD300A351CC /* AppDelegate.swift in Sources */,
				26F18B962AA1EDD300A351CC /* SceneDelegate.swift in Sources */,
			);
			runOnlyForDeploymentPostprocessing = 0;
		};
/* End PBXSourcesBuildPhase section */

/* Begin PBXVariantGroup section */
		26F18B9E2AA1EDD500A351CC /* LaunchScreen.storyboard */ = {
			isa = PBXVariantGroup;
			children = (
				26F18B9F2AA1EDD500A351CC /* Base */,
			);
			name = LaunchScreen.storyboard;
			sourceTree = "<group>";
		};
/* End PBXVariantGroup section */

/* Begin XCBuildConfiguration section */
		26F18BA22AA1EDD500A351CC /* Debug */ = {
			isa = XCBuildConfiguration;
			buildSettings = {
				ALWAYS_SEARCH_USER_PATHS = NO;
				CLANG_ANALYZER_NONNULL = YES;
				CLANG_ANALYZER_NUMBER_OBJECT_CONVERSION = YES_AGGRESSIVE;
				CLANG_CXX_LANGUAGE_STANDARD = "gnu++20";
				CLANG_ENABLE_MODULES = YES;
				CLANG_ENABLE_OBJC_ARC = YES;
				CLANG_ENABLE_OBJC_WEAK = YES;
				CLANG_WARN_BLOCK_CAPTURE_AUTORELEASING = YES;
				CLANG_WARN_BOOL_CONVERSION = YES;
				CLANG_WARN_COMMA = YES;
				CLANG_WARN_CONSTANT_CONVERSION = YES;
				CLANG_WARN_DEPRECATED_OBJC_IMPLEMENTATIONS = YES;
				CLANG_WARN_DIRECT_OBJC_ISA_USAGE = YES_ERROR;
				CLANG_WARN_DOCUMENTATION_COMMENTS = YES;
				CLANG_WARN_EMPTY_BODY = YES;
				CLANG_WARN_ENUM_CONVERSION = YES;
				CLANG_WARN_INFINITE_RECURSION = YES;
				CLANG_WARN_INT_CONVERSION = YES;
				CLANG_WARN_NON_LITERAL_NULL_CONVERSION = YES;
				CLANG_WARN_OBJC_IMPLICIT_RETAIN_SELF = YES;
				CLANG_WARN_OBJC_LITERAL_CONVERSION = YES;
				CLANG_WARN_OBJC_ROOT_CLASS = YES_ERROR;
				CLANG_WARN_QUOTED_INCLUDE_IN_FRAMEWORK_HEADER = YES;
				CLANG_WARN_RANGE_LOOP_ANALYSIS = YES;
				CLANG_WARN_STRICT_PROTOTYPES = YES;
				CLANG_WARN_SUSPICIOUS_MOVE = YES;
				CLANG_WARN_UNGUARDED_AVAILABILITY = YES_AGGRESSIVE;
				CLANG_WARN_UNREACHABLE_CODE = YES;
				CLANG_WARN__DUPLICATE_METHOD_MATCH = YES;
				COPY_PHASE_STRIP = NO;
				DEBUG_INFORMATION_FORMAT = dwarf;
				ENABLE_STRICT_OBJC_MSGSEND = YES;
				ENABLE_TESTABILITY = YES;
				GCC_C_LANGUAGE_STANDARD = gnu11;
				GCC_DYNAMIC_NO_PIC = NO;
				GCC_NO_COMMON_BLOCKS = YES;
				GCC_OPTIMIZATION_LEVEL = 0;
				GCC_PREPROCESSOR_DEFINITIONS = (
					"DEBUG=1",
					"$(inherited)",
				);
				GCC_WARN_64_TO_32_BIT_CONVERSION = YES;
				GCC_WARN_ABOUT_RETURN_TYPE = YES_ERROR;
				GCC_WARN_UNDECLARED_SELECTOR = YES;
				GCC_WARN_UNINITIALIZED_AUTOS = YES_AGGRESSIVE;
				GCC_WARN_UNUSED_FUNCTION = YES;
				GCC_WARN_UNUSED_VARIABLE = YES;
				IPHONEOS_DEPLOYMENT_TARGET = 16.4;
				MTL_ENABLE_DEBUG_INFO = INCLUDE_SOURCE;
				MTL_FAST_MATH = YES;
				ONLY_ACTIVE_ARCH = YES;
				SDKROOT = iphoneos;
				SWIFT_ACTIVE_COMPILATION_CONDITIONS = DEBUG;
				SWIFT_OPTIMIZATION_LEVEL = "-Onone";
			};
			name = Debug;
		};
		26F18BA32AA1EDD500A351CC /* Release */ = {
			isa = XCBuildConfiguration;
			buildSettings = {
				ALWAYS_SEARCH_USER_PATHS = NO;
				CLANG_ANALYZER_NONNULL = YES;
				CLANG_ANALYZER_NUMBER_OBJECT_CONVERSION = YES_AGGRESSIVE;
				CLANG_CXX_LANGUAGE_STANDARD = "gnu++20";
				CLANG_ENABLE_MODULES = YES;
				CLANG_ENABLE_OBJC_ARC = YES;
				CLANG_ENABLE_OBJC_WEAK = YES;
				CLANG_WARN_BLOCK_CAPTURE_AUTORELEASING = YES;
				CLANG_WARN_BOOL_CONVERSION = YES;
				CLANG_WARN_COMMA = YES;
				CLANG_WARN_CONSTANT_CONVERSION = YES;
				CLANG_WARN_DEPRECATED_OBJC_IMPLEMENTATIONS = YES;
				CLANG_WARN_DIRECT_OBJC_ISA_USAGE = YES_ERROR;
				CLANG_WARN_DOCUMENTATION_COMMENTS = YES;
				CLANG_WARN_EMPTY_BODY = YES;
				CLANG_WARN_ENUM_CONVERSION = YES;
				CLANG_WARN_INFINITE_RECURSION = YES;
				CLANG_WARN_INT_CONVERSION = YES;
				CLANG_WARN_NON_LITERAL_NULL_CONVERSION = YES;
				CLANG_WARN_OBJC_IMPLICIT_RETAIN_SELF = YES;
				CLANG_WARN_OBJC_LITERAL_CONVERSION = YES;
				CLANG_WARN_OBJC_ROOT_CLASS = YES_ERROR;
				CLANG_WARN_QUOTED_INCLUDE_IN_FRAMEWORK_HEADER = YES;
				CLANG_WARN_RANGE_LOOP_ANALYSIS = YES;
				CLANG_WARN_STRICT_PROTOTYPES = YES;
				CLANG_WARN_SUSPICIOUS_MOVE = YES;
				CLANG_WARN_UNGUARDED_AVAILABILITY = YES_AGGRESSIVE;
				CLANG_WARN_UNREACHABLE_CODE = YES;
				CLANG_WARN__DUPLICATE_METHOD_MATCH = YES;
				COPY_PHASE_STRIP = NO;
				DEBUG_INFORMATION_FORMAT = "dwarf-with-dsym";
				ENABLE_NS_ASSERTIONS = NO;
				ENABLE_STRICT_OBJC_MSGSEND = YES;
				GCC_C_LANGUAGE_STANDARD = gnu11;
				GCC_NO_COMMON_BLOCKS = YES;
				GCC_WARN_64_TO_32_BIT_CONVERSION = YES;
				GCC_WARN_ABOUT_RETURN_TYPE = YES_ERROR;
				GCC_WARN_UNDECLARED_SELECTOR = YES;
				GCC_WARN_UNINITIALIZED_AUTOS = YES_AGGRESSIVE;
				GCC_WARN_UNUSED_FUNCTION = YES;
				GCC_WARN_UNUSED_VARIABLE = YES;
				IPHONEOS_DEPLOYMENT_TARGET = 16.4;
				MTL_ENABLE_DEBUG_INFO = NO;
				MTL_FAST_MATH = YES;
				SDKROOT = iphoneos;
				SWIFT_COMPILATION_MODE = wholemodule;
				SWIFT_OPTIMIZATION_LEVEL = "-O";
				VALIDATE_PRODUCT = YES;
			};
			name = Release;
		};
		26F18BA52AA1EDD500A351CC /* Debug */ = {
			isa = XCBuildConfiguration;
			buildSettings = {
				ASSETCATALOG_COMPILER_APPICON_NAME = AppIcon;
				ASSETCATALOG_COMPILER_GLOBAL_ACCENT_COLOR_NAME = AccentColor;
				CODE_SIGN_STYLE = Automatic;
				CURRENT_PROJECT_VERSION = 1;
				GENERATE_INFOPLIST_FILE = YES;
				INFOPLIST_FILE = TableViewSeparatedByCategory/Info.plist;
				INFOPLIST_KEY_UIApplicationSupportsIndirectInputEvents = YES;
				INFOPLIST_KEY_UILaunchStoryboardName = LaunchScreen;
				INFOPLIST_KEY_UISupportedInterfaceOrientations_iPad = "UIInterfaceOrientationPortrait UIInterfaceOrientationPortraitUpsideDown UIInterfaceOrientationLandscapeLeft UIInterfaceOrientationLandscapeRight";
				INFOPLIST_KEY_UISupportedInterfaceOrientations_iPhone = "UIInterfaceOrientationPortrait UIInterfaceOrientationLandscapeLeft UIInterfaceOrientationLandscapeRight";
				LD_RUNPATH_SEARCH_PATHS = (
					"$(inherited)",
					"@executable_path/Frameworks",
				);
				MARKETING_VERSION = 1.0;
				PRODUCT_BUNDLE_IDENTIFIER = com.present.TableViewSeparatedByCategory;
				PRODUCT_NAME = "$(TARGET_NAME)";
				SWIFT_EMIT_LOC_STRINGS = YES;
				SWIFT_VERSION = 5.0;
				TARGETED_DEVICE_FAMILY = "1,2";
			};
			name = Debug;
		};
		26F18BA62AA1EDD500A351CC /* Release */ = {
			isa = XCBuildConfiguration;
			buildSettings = {
				ASSETCATALOG_COMPILER_APPICON_NAME = AppIcon;
				ASSETCATALOG_COMPILER_GLOBAL_ACCENT_COLOR_NAME = AccentColor;
				CODE_SIGN_STYLE = Automatic;
				CURRENT_PROJECT_VERSION = 1;
				GENERATE_INFOPLIST_FILE = YES;
				INFOPLIST_FILE = TableViewSeparatedByCategory/Info.plist;
				INFOPLIST_KEY_UIApplicationSupportsIndirectInputEvents = YES;
				INFOPLIST_KEY_UILaunchStoryboardName = LaunchScreen;
				INFOPLIST_KEY_UISupportedInterfaceOrientations_iPad = "UIInterfaceOrientationPortrait UIInterfaceOrientationPortraitUpsideDown UIInterfaceOrientationLandscapeLeft UIInterfaceOrientationLandscapeRight";
				INFOPLIST_KEY_UISupportedInterfaceOrientations_iPhone = "UIInterfaceOrientationPortrait UIInterfaceOrientationLandscapeLeft UIInterfaceOrientationLandscapeRight";
				LD_RUNPATH_SEARCH_PATHS = (
					"$(inherited)",
					"@executable_path/Frameworks",
				);
				MARKETING_VERSION = 1.0;
				PRODUCT_BUNDLE_IDENTIFIER = com.present.TableViewSeparatedByCategory;
				PRODUCT_NAME = "$(TARGET_NAME)";
				SWIFT_EMIT_LOC_STRINGS = YES;
				SWIFT_VERSION = 5.0;
				TARGETED_DEVICE_FAMILY = "1,2";
			};
			name = Release;
		};
/* End XCBuildConfiguration section */

/* Begin XCConfigurationList section */
		26F18B8B2AA1EDD300A351CC /* Build configuration list for PBXProject "TableViewSeparatedByCategory" */ = {
			isa = XCConfigurationList;
			buildConfigurations = (
				26F18BA22AA1EDD500A351CC /* Debug */,
				26F18BA32AA1EDD500A351CC /* Release */,
			);
			defaultConfigurationIsVisible = 0;
			defaultConfigurationName = Release;
		};
		26F18BA42AA1EDD500A351CC /* Build configuration list for PBXNativeTarget "TableViewSeparatedByCategory" */ = {
			isa = XCConfigurationList;
			buildConfigurations = (
				26F18BA52AA1EDD500A351CC /* Debug */,
				26F18BA62AA1EDD500A351CC /* Release */,
			);
			defaultConfigurationIsVisible = 0;
			defaultConfigurationName = Release;
		};
/* End XCConfigurationList section */

/* Begin XCRemoteSwiftPackageReference section */
		26F18BB62AA2035100A351CC /* XCRemoteSwiftPackageReference "SnapKit" */ = {
			isa = XCRemoteSwiftPackageReference;
			repositoryURL = "https://github.com/SnapKit/SnapKit.git";
			requirement = {
				kind = upToNextMajorVersion;
				minimumVersion = 5.0.0;
			};
		};
		26F18BBD2AA24C8700A351CC /* XCRemoteSwiftPackageReference "Kingfisher" */ = {
			isa = XCRemoteSwiftPackageReference;
			repositoryURL = "https://github.com/onevcat/Kingfisher.git";
			requirement = {
				kind = upToNextMajorVersion;
				minimumVersion = 7.0.0;
			};
		};
/* End XCRemoteSwiftPackageReference section */

/* Begin XCSwiftPackageProductDependency section */
		26F18BB72AA2035100A351CC /* SnapKit */ = {
			isa = XCSwiftPackageProductDependency;
			package = 26F18BB62AA2035100A351CC /* XCRemoteSwiftPackageReference "SnapKit" */;
			productName = SnapKit;
		};
		26F18BBE2AA24C8700A351CC /* Kingfisher */ = {
			isa = XCSwiftPackageProductDependency;
			package = 26F18BBD2AA24C8700A351CC /* XCRemoteSwiftPackageReference "Kingfisher" */;
			productName = Kingfisher;
		};
/* End XCSwiftPackageProductDependency section */
	};
	rootObject = 26F18B882AA1EDD300A351CC /* Project object */;
}
